// !$*UTF8*$!
{
	archiveVersion = 1;
	classes = {
	};
	objectVersion = 56;
	objects = {

/* Begin PBXBuildFile section */
		66101CF529950B99005C62F5 /* FlowwSwiftApp.swift in Sources */ = {isa = PBXBuildFile; fileRef = 66101CF429950B99005C62F5 /* FlowwSwiftApp.swift */; };
		66101CF729950B99005C62F5 /* MarketListView.swift in Sources */ = {isa = PBXBuildFile; fileRef = 66101CF629950B99005C62F5 /* MarketListView.swift */; };
		66101CF929950B9A005C62F5 /* Assets.xcassets in Resources */ = {isa = PBXBuildFile; fileRef = 66101CF829950B9A005C62F5 /* Assets.xcassets */; };
		66101CFC29950B9A005C62F5 /* Preview Assets.xcassets in Resources */ = {isa = PBXBuildFile; fileRef = 66101CFB29950B9A005C62F5 /* Preview Assets.xcassets */; };
		66101D0629950B9A005C62F5 /* FlowwSwiftTests.swift in Sources */ = {isa = PBXBuildFile; fileRef = 66101D0529950B9A005C62F5 /* FlowwSwiftTests.swift */; };
		66101D1029950B9A005C62F5 /* FlowwSwiftUITests.swift in Sources */ = {isa = PBXBuildFile; fileRef = 66101D0F29950B9A005C62F5 /* FlowwSwiftUITests.swift */; };
		66101D1229950B9A005C62F5 /* FlowwSwiftUITestsLaunchTests.swift in Sources */ = {isa = PBXBuildFile; fileRef = 66101D1129950B9A005C62F5 /* FlowwSwiftUITestsLaunchTests.swift */; };
		66101D3329951E25005C62F5 /* CoinGeckoService.swift in Sources */ = {isa = PBXBuildFile; fileRef = 66101D2B29951E25005C62F5 /* CoinGeckoService.swift */; };
		66101D3429951E25005C62F5 /* CoinGeckoEndpoint.swift in Sources */ = {isa = PBXBuildFile; fileRef = 66101D2D29951E25005C62F5 /* CoinGeckoEndpoint.swift */; };
		66101D3629951E25005C62F5 /* APIClient.swift in Sources */ = {isa = PBXBuildFile; fileRef = 66101D3029951E25005C62F5 /* APIClient.swift */; };
		66101D3829951E25005C62F5 /* Endpoint.swift in Sources */ = {isa = PBXBuildFile; fileRef = 66101D3229951E25005C62F5 /* Endpoint.swift */; };
		66101D3F29952580005C62F5 /* MarketListModel.swift in Sources */ = {isa = PBXBuildFile; fileRef = 66101D3E29952580005C62F5 /* MarketListModel.swift */; };
		66101D4129952595005C62F5 /* PriceChartModel.swift in Sources */ = {isa = PBXBuildFile; fileRef = 66101D4029952595005C62F5 /* PriceChartModel.swift */; };
		66101D43299525A9005C62F5 /* PriceChartView.swift in Sources */ = {isa = PBXBuildFile; fileRef = 66101D42299525A9005C62F5 /* PriceChartView.swift */; };
		66101D45299525C0005C62F5 /* MarketListViewModel.swift in Sources */ = {isa = PBXBuildFile; fileRef = 66101D44299525C0005C62F5 /* MarketListViewModel.swift */; };
		66101D47299525CD005C62F5 /* PriceChartViewModel.swift in Sources */ = {isa = PBXBuildFile; fileRef = 66101D46299525CD005C62F5 /* PriceChartViewModel.swift */; };
		66101D4929954850005C62F5 /* Coins.swift in Sources */ = {isa = PBXBuildFile; fileRef = 66101D4829954850005C62F5 /* Coins.swift */; };
		66101D4B29954880005C62F5 /* HistoricalMarketPrice.swift in Sources */ = {isa = PBXBuildFile; fileRef = 66101D4A29954880005C62F5 /* HistoricalMarketPrice.swift */; };
		6673629329966BA000E28EC5 /* AlertInfo.swift in Sources */ = {isa = PBXBuildFile; fileRef = 6673629229966BA000E28EC5 /* AlertInfo.swift */; };
		66736296299678A500E28EC5 /* ImageView.swift in Sources */ = {isa = PBXBuildFile; fileRef = 66736295299678A500E28EC5 /* ImageView.swift */; };
		6673629F29969E4800E28EC5 /* ServiceMock.swift in Sources */ = {isa = PBXBuildFile; fileRef = 667362972996978300E28EC5 /* ServiceMock.swift */; };
		667362A02996A06600E28EC5 /* coinsData.json in Resources */ = {isa = PBXBuildFile; fileRef = 6673629B299698D900E28EC5 /* coinsData.json */; };
		667362A12996A06C00E28EC5 /* marketData.json in Resources */ = {isa = PBXBuildFile; fileRef = 6673629C299698D900E28EC5 /* marketData.json */; };
		6680576F299BA554006AB7AE /* TimeRangePicker.swift in Sources */ = {isa = PBXBuildFile; fileRef = 6680576E299BA554006AB7AE /* TimeRangePicker.swift */; };
		668AF6DC2997A52B003B0B27 /* Format.swift in Sources */ = {isa = PBXBuildFile; fileRef = 668AF6DB2997A52B003B0B27 /* Format.swift */; };
/* End PBXBuildFile section */

/* Begin PBXContainerItemProxy section */
		66101D0229950B9A005C62F5 /* PBXContainerItemProxy */ = {
			isa = PBXContainerItemProxy;
			containerPortal = 66101CE929950B99005C62F5 /* Project object */;
			proxyType = 1;
			remoteGlobalIDString = 66101CF029950B99005C62F5;
			remoteInfo = FlowwSwift;
		};
		66101D0C29950B9A005C62F5 /* PBXContainerItemProxy */ = {
			isa = PBXContainerItemProxy;
			containerPortal = 66101CE929950B99005C62F5 /* Project object */;
			proxyType = 1;
			remoteGlobalIDString = 66101CF029950B99005C62F5;
			remoteInfo = FlowwSwift;
		};
/* End PBXContainerItemProxy section */

/* Begin PBXFileReference section */
		66101CF129950B99005C62F5 /* FlowwSwift.app */ = {isa = PBXFileReference; explicitFileType = wrapper.application; includeInIndex = 0; path = FlowwSwift.app; sourceTree = BUILT_PRODUCTS_DIR; };
		66101CF429950B99005C62F5 /* FlowwSwiftApp.swift */ = {isa = PBXFileReference; lastKnownFileType = sourcecode.swift; path = FlowwSwiftApp.swift; sourceTree = "<group>"; };
		66101CF629950B99005C62F5 /* MarketListView.swift */ = {isa = PBXFileReference; lastKnownFileType = sourcecode.swift; path = MarketListView.swift; sourceTree = "<group>"; };
		66101CF829950B9A005C62F5 /* Assets.xcassets */ = {isa = PBXFileReference; lastKnownFileType = folder.assetcatalog; path = Assets.xcassets; sourceTree = "<group>"; };
		66101CFB29950B9A005C62F5 /* Preview Assets.xcassets */ = {isa = PBXFileReference; lastKnownFileType = folder.assetcatalog; path = "Preview Assets.xcassets"; sourceTree = "<group>"; };
		66101D0129950B9A005C62F5 /* FlowwSwiftTests.xctest */ = {isa = PBXFileReference; explicitFileType = wrapper.cfbundle; includeInIndex = 0; path = FlowwSwiftTests.xctest; sourceTree = BUILT_PRODUCTS_DIR; };
		66101D0529950B9A005C62F5 /* FlowwSwiftTests.swift */ = {isa = PBXFileReference; lastKnownFileType = sourcecode.swift; path = FlowwSwiftTests.swift; sourceTree = "<group>"; };
		66101D0B29950B9A005C62F5 /* FlowwSwiftUITests.xctest */ = {isa = PBXFileReference; explicitFileType = wrapper.cfbundle; includeInIndex = 0; path = FlowwSwiftUITests.xctest; sourceTree = BUILT_PRODUCTS_DIR; };
		66101D0F29950B9A005C62F5 /* FlowwSwiftUITests.swift */ = {isa = PBXFileReference; lastKnownFileType = sourcecode.swift; path = FlowwSwiftUITests.swift; sourceTree = "<group>"; };
		66101D1129950B9A005C62F5 /* FlowwSwiftUITestsLaunchTests.swift */ = {isa = PBXFileReference; lastKnownFileType = sourcecode.swift; path = FlowwSwiftUITestsLaunchTests.swift; sourceTree = "<group>"; };
		66101D2B29951E25005C62F5 /* CoinGeckoService.swift */ = {isa = PBXFileReference; fileEncoding = 4; lastKnownFileType = sourcecode.swift; path = CoinGeckoService.swift; sourceTree = "<group>"; };
		66101D2D29951E25005C62F5 /* CoinGeckoEndpoint.swift */ = {isa = PBXFileReference; fileEncoding = 4; lastKnownFileType = sourcecode.swift; path = CoinGeckoEndpoint.swift; sourceTree = "<group>"; };
		66101D3029951E25005C62F5 /* APIClient.swift */ = {isa = PBXFileReference; fileEncoding = 4; lastKnownFileType = sourcecode.swift; path = APIClient.swift; sourceTree = "<group>"; };
		66101D3229951E25005C62F5 /* Endpoint.swift */ = {isa = PBXFileReference; fileEncoding = 4; lastKnownFileType = sourcecode.swift; path = Endpoint.swift; sourceTree = "<group>"; };
		66101D3E29952580005C62F5 /* MarketListModel.swift */ = {isa = PBXFileReference; lastKnownFileType = sourcecode.swift; path = MarketListModel.swift; sourceTree = "<group>"; };
		66101D4029952595005C62F5 /* PriceChartModel.swift */ = {isa = PBXFileReference; lastKnownFileType = sourcecode.swift; path = PriceChartModel.swift; sourceTree = "<group>"; };
		66101D42299525A9005C62F5 /* PriceChartView.swift */ = {isa = PBXFileReference; lastKnownFileType = sourcecode.swift; path = PriceChartView.swift; sourceTree = "<group>"; };
		66101D44299525C0005C62F5 /* MarketListViewModel.swift */ = {isa = PBXFileReference; lastKnownFileType = sourcecode.swift; path = MarketListViewModel.swift; sourceTree = "<group>"; };
		66101D46299525CD005C62F5 /* PriceChartViewModel.swift */ = {isa = PBXFileReference; lastKnownFileType = sourcecode.swift; path = PriceChartViewModel.swift; sourceTree = "<group>"; };
		66101D4829954850005C62F5 /* Coins.swift */ = {isa = PBXFileReference; lastKnownFileType = sourcecode.swift; path = Coins.swift; sourceTree = "<group>"; };
		66101D4A29954880005C62F5 /* HistoricalMarketPrice.swift */ = {isa = PBXFileReference; lastKnownFileType = sourcecode.swift; path = HistoricalMarketPrice.swift; sourceTree = "<group>"; };
		6673629229966BA000E28EC5 /* AlertInfo.swift */ = {isa = PBXFileReference; lastKnownFileType = sourcecode.swift; path = AlertInfo.swift; sourceTree = "<group>"; };
		66736295299678A500E28EC5 /* ImageView.swift */ = {isa = PBXFileReference; lastKnownFileType = sourcecode.swift; path = ImageView.swift; sourceTree = "<group>"; };
		667362972996978300E28EC5 /* ServiceMock.swift */ = {isa = PBXFileReference; lastKnownFileType = sourcecode.swift; path = ServiceMock.swift; sourceTree = "<group>"; };
		6673629B299698D900E28EC5 /* coinsData.json */ = {isa = PBXFileReference; fileEncoding = 4; lastKnownFileType = text.json; path = coinsData.json; sourceTree = "<group>"; };
		6673629C299698D900E28EC5 /* marketData.json */ = {isa = PBXFileReference; fileEncoding = 4; lastKnownFileType = text.json; path = marketData.json; sourceTree = "<group>"; };
		6680576E299BA554006AB7AE /* TimeRangePicker.swift */ = {isa = PBXFileReference; lastKnownFileType = sourcecode.swift; path = TimeRangePicker.swift; sourceTree = "<group>"; };
		668AF6DB2997A52B003B0B27 /* Format.swift */ = {isa = PBXFileReference; lastKnownFileType = sourcecode.swift; path = Format.swift; sourceTree = "<group>"; };
/* End PBXFileReference section */

/* Begin PBXFrameworksBuildPhase section */
		66101CEE29950B99005C62F5 /* Frameworks */ = {
			isa = PBXFrameworksBuildPhase;
			buildActionMask = 2147483647;
			files = (
			);
			runOnlyForDeploymentPostprocessing = 0;
		};
		66101CFE29950B9A005C62F5 /* Frameworks */ = {
			isa = PBXFrameworksBuildPhase;
			buildActionMask = 2147483647;
			files = (
			);
			runOnlyForDeploymentPostprocessing = 0;
		};
		66101D0829950B9A005C62F5 /* Frameworks */ = {
			isa = PBXFrameworksBuildPhase;
			buildActionMask = 2147483647;
			files = (
			);
			runOnlyForDeploymentPostprocessing = 0;
		};
/* End PBXFrameworksBuildPhase section */

/* Begin PBXGroup section */
		66101CE829950B99005C62F5 = {
			isa = PBXGroup;
			children = (
				66101CF329950B99005C62F5 /* FlowwSwift */,
				66101D0429950B9A005C62F5 /* FlowwSwiftTests */,
				66101D0E29950B9A005C62F5 /* FlowwSwiftUITests */,
				66101CF229950B99005C62F5 /* Products */,
			);
			sourceTree = "<group>";
		};
		66101CF229950B99005C62F5 /* Products */ = {
			isa = PBXGroup;
			children = (
				66101CF129950B99005C62F5 /* FlowwSwift.app */,
				66101D0129950B9A005C62F5 /* FlowwSwiftTests.xctest */,
				66101D0B29950B9A005C62F5 /* FlowwSwiftUITests.xctest */,
			);
			name = Products;
			sourceTree = "<group>";
		};
		66101CF329950B99005C62F5 /* FlowwSwift */ = {
			isa = PBXGroup;
			children = (
				66101D3D2995255B005C62F5 /* Application */,
				6673629029966B8800E28EC5 /* Common */,
				66101D2829951B43005C62F5 /* Infrastructure */,
				6673628F29966B0000E28EC5 /* Presentation */,
				66101CF829950B9A005C62F5 /* Assets.xcassets */,
				66101CFA29950B9A005C62F5 /* Preview Content */,
			);
			path = FlowwSwift;
			sourceTree = "<group>";
		};
		66101CFA29950B9A005C62F5 /* Preview Content */ = {
			isa = PBXGroup;
			children = (
				66101CFB29950B9A005C62F5 /* Preview Assets.xcassets */,
			);
			path = "Preview Content";
			sourceTree = "<group>";
		};
		66101D0429950B9A005C62F5 /* FlowwSwiftTests */ = {
			isa = PBXGroup;
			children = (
				66101D0529950B9A005C62F5 /* FlowwSwiftTests.swift */,
			);
			path = FlowwSwiftTests;
			sourceTree = "<group>";
		};
		66101D0E29950B9A005C62F5 /* FlowwSwiftUITests */ = {
			isa = PBXGroup;
			children = (
				66101D0F29950B9A005C62F5 /* FlowwSwiftUITests.swift */,
				66101D1129950B9A005C62F5 /* FlowwSwiftUITestsLaunchTests.swift */,
			);
			path = FlowwSwiftUITests;
			sourceTree = "<group>";
		};
		66101D2829951B43005C62F5 /* Infrastructure */ = {
			isa = PBXGroup;
			children = (
				6673629A299698D900E28EC5 /* Stabs-mock */,
				66101D2929951B5B005C62F5 /* Network */,
			);
			path = Infrastructure;
			sourceTree = "<group>";
		};
		66101D2929951B5B005C62F5 /* Network */ = {
			isa = PBXGroup;
			children = (
				66101D3C299524DF005C62F5 /* DTOs */,
				66101D2E29951E25005C62F5 /* Base */,
				66101D2C29951E25005C62F5 /* Endpoints */,
				66101D2A29951E25005C62F5 /* Services */,
			);
			path = Network;
			sourceTree = "<group>";
		};
		66101D2A29951E25005C62F5 /* Services */ = {
			isa = PBXGroup;
			children = (
				66101D2B29951E25005C62F5 /* CoinGeckoService.swift */,
			);
			path = Services;
			sourceTree = "<group>";
		};
		66101D2C29951E25005C62F5 /* Endpoints */ = {
			isa = PBXGroup;
			children = (
				66101D2D29951E25005C62F5 /* CoinGeckoEndpoint.swift */,
			);
			path = Endpoints;
			sourceTree = "<group>";
		};
		66101D2E29951E25005C62F5 /* Base */ = {
			isa = PBXGroup;
			children = (
				66101D3029951E25005C62F5 /* APIClient.swift */,
				66101D3229951E25005C62F5 /* Endpoint.swift */,
			);
			path = Base;
			sourceTree = "<group>";
		};
		66101D3929951FA4005C62F5 /* View */ = {
			isa = PBXGroup;
			children = (
				667362942996789300E28EC5 /* Common */,
				66101CF629950B99005C62F5 /* MarketListView.swift */,
				66101D42299525A9005C62F5 /* PriceChartView.swift */,
			);
			path = View;
			sourceTree = "<group>";
		};
		66101D3A29951FB1005C62F5 /* ViewModel */ = {
			isa = PBXGroup;
			children = (
				66101D44299525C0005C62F5 /* MarketListViewModel.swift */,
				66101D46299525CD005C62F5 /* PriceChartViewModel.swift */,
			);
			path = ViewModel;
			sourceTree = "<group>";
		};
		66101D3B29951FC1005C62F5 /* Model */ = {
			isa = PBXGroup;
			children = (
				66101D3E29952580005C62F5 /* MarketListModel.swift */,
				66101D4029952595005C62F5 /* PriceChartModel.swift */,
			);
			path = Model;
			sourceTree = "<group>";
		};
		66101D3C299524DF005C62F5 /* DTOs */ = {
			isa = PBXGroup;
			children = (
				66101D4829954850005C62F5 /* Coins.swift */,
				66101D4A29954880005C62F5 /* HistoricalMarketPrice.swift */,
			);
			path = DTOs;
			sourceTree = "<group>";
		};
		66101D3D2995255B005C62F5 /* Application */ = {
			isa = PBXGroup;
			children = (
				66101CF429950B99005C62F5 /* FlowwSwiftApp.swift */,
			);
			path = Application;
			sourceTree = "<group>";
		};
		6673628F29966B0000E28EC5 /* Presentation */ = {
			isa = PBXGroup;
			children = (
				66101D3B29951FC1005C62F5 /* Model */,
				66101D3929951FA4005C62F5 /* View */,
				66101D3A29951FB1005C62F5 /* ViewModel */,
			);
			path = Presentation;
			sourceTree = "<group>";
		};
		6673629029966B8800E28EC5 /* Common */ = {
			isa = PBXGroup;
			children = (
				6673629229966BA000E28EC5 /* AlertInfo.swift */,
				668AF6DB2997A52B003B0B27 /* Format.swift */,
			);
			path = Common;
			sourceTree = "<group>";
		};
		667362942996789300E28EC5 /* Common */ = {
			isa = PBXGroup;
			children = (
				66736295299678A500E28EC5 /* ImageView.swift */,
				6680576E299BA554006AB7AE /* TimeRangePicker.swift */,
			);
			path = Common;
			sourceTree = "<group>";
		};
		6673629A299698D900E28EC5 /* Stabs-mock */ = {
			isa = PBXGroup;
			children = (
				667362972996978300E28EC5 /* ServiceMock.swift */,
				6673629B299698D900E28EC5 /* coinsData.json */,
				6673629C299698D900E28EC5 /* marketData.json */,
			);
			path = "Stabs-mock";
			sourceTree = "<group>";
		};
/* End PBXGroup section */

/* Begin PBXNativeTarget section */
		66101CF029950B99005C62F5 /* FlowwSwift */ = {
			isa = PBXNativeTarget;
			buildConfigurationList = 66101D1529950B9A005C62F5 /* Build configuration list for PBXNativeTarget "FlowwSwift" */;
			buildPhases = (
				66101CED29950B99005C62F5 /* Sources */,
				66101CEE29950B99005C62F5 /* Frameworks */,
				66101CEF29950B99005C62F5 /* Resources */,
			);
			buildRules = (
			);
			dependencies = (
			);
			name = FlowwSwift;
			productName = FlowwSwift;
			productReference = 66101CF129950B99005C62F5 /* FlowwSwift.app */;
			productType = "com.apple.product-type.application";
		};
		66101D0029950B9A005C62F5 /* FlowwSwiftTests */ = {
			isa = PBXNativeTarget;
			buildConfigurationList = 66101D1829950B9A005C62F5 /* Build configuration list for PBXNativeTarget "FlowwSwiftTests" */;
			buildPhases = (
				66101CFD29950B9A005C62F5 /* Sources */,
				66101CFE29950B9A005C62F5 /* Frameworks */,
				66101CFF29950B9A005C62F5 /* Resources */,
			);
			buildRules = (
			);
			dependencies = (
				66101D0329950B9A005C62F5 /* PBXTargetDependency */,
			);
			name = FlowwSwiftTests;
			productName = FlowwSwiftTests;
			productReference = 66101D0129950B9A005C62F5 /* FlowwSwiftTests.xctest */;
			productType = "com.apple.product-type.bundle.unit-test";
		};
		66101D0A29950B9A005C62F5 /* FlowwSwiftUITests */ = {
			isa = PBXNativeTarget;
			buildConfigurationList = 66101D1B29950B9A005C62F5 /* Build configuration list for PBXNativeTarget "FlowwSwiftUITests" */;
			buildPhases = (
				66101D0729950B9A005C62F5 /* Sources */,
				66101D0829950B9A005C62F5 /* Frameworks */,
				66101D0929950B9A005C62F5 /* Resources */,
			);
			buildRules = (
			);
			dependencies = (
				66101D0D29950B9A005C62F5 /* PBXTargetDependency */,
			);
			name = FlowwSwiftUITests;
			productName = FlowwSwiftUITests;
			productReference = 66101D0B29950B9A005C62F5 /* FlowwSwiftUITests.xctest */;
			productType = "com.apple.product-type.bundle.ui-testing";
		};
/* End PBXNativeTarget section */

/* Begin PBXProject section */
		66101CE929950B99005C62F5 /* Project object */ = {
			isa = PBXProject;
			attributes = {
				BuildIndependentTargetsInParallel = 1;
				LastSwiftUpdateCheck = 1420;
				LastUpgradeCheck = 1420;
				TargetAttributes = {
					66101CF029950B99005C62F5 = {
						CreatedOnToolsVersion = 14.2;
					};
					66101D0029950B9A005C62F5 = {
						CreatedOnToolsVersion = 14.2;
						TestTargetID = 66101CF029950B99005C62F5;
					};
					66101D0A29950B9A005C62F5 = {
						CreatedOnToolsVersion = 14.2;
						TestTargetID = 66101CF029950B99005C62F5;
					};
				};
			};
			buildConfigurationList = 66101CEC29950B99005C62F5 /* Build configuration list for PBXProject "FlowwSwift" */;
			compatibilityVersion = "Xcode 14.0";
			developmentRegion = en;
			hasScannedForEncodings = 0;
			knownRegions = (
				en,
				Base,
			);
			mainGroup = 66101CE829950B99005C62F5;
			productRefGroup = 66101CF229950B99005C62F5 /* Products */;
			projectDirPath = "";
			projectRoot = "";
			targets = (
				66101CF029950B99005C62F5 /* FlowwSwift */,
				66101D0029950B9A005C62F5 /* FlowwSwiftTests */,
				66101D0A29950B9A005C62F5 /* FlowwSwiftUITests */,
			);
		};
/* End PBXProject section */

/* Begin PBXResourcesBuildPhase section */
		66101CEF29950B99005C62F5 /* Resources */ = {
			isa = PBXResourcesBuildPhase;
			buildActionMask = 2147483647;
			files = (
				66101CFC29950B9A005C62F5 /* Preview Assets.xcassets in Resources */,
				667362A12996A06C00E28EC5 /* marketData.json in Resources */,
				66101CF929950B9A005C62F5 /* Assets.xcassets in Resources */,
				667362A02996A06600E28EC5 /* coinsData.json in Resources */,
			);
			runOnlyForDeploymentPostprocessing = 0;
		};
		66101CFF29950B9A005C62F5 /* Resources */ = {
			isa = PBXResourcesBuildPhase;
			buildActionMask = 2147483647;
			files = (
			);
			runOnlyForDeploymentPostprocessing = 0;
		};
		66101D0929950B9A005C62F5 /* Resources */ = {
			isa = PBXResourcesBuildPhase;
			buildActionMask = 2147483647;
			files = (
			);
			runOnlyForDeploymentPostprocessing = 0;
		};
/* End PBXResourcesBuildPhase section */

/* Begin PBXSourcesBuildPhase section */
		66101CED29950B99005C62F5 /* Sources */ = {
			isa = PBXSourcesBuildPhase;
			buildActionMask = 2147483647;
			files = (
				66736296299678A500E28EC5 /* ImageView.swift in Sources */,
				6673629329966BA000E28EC5 /* AlertInfo.swift in Sources */,
				66101D3F29952580005C62F5 /* MarketListModel.swift in Sources */,
				66101D47299525CD005C62F5 /* PriceChartViewModel.swift in Sources */,
				66101CF729950B99005C62F5 /* MarketListView.swift in Sources */,
				66101D3829951E25005C62F5 /* Endpoint.swift in Sources */,
				66101CF529950B99005C62F5 /* FlowwSwiftApp.swift in Sources */,
				6673629F29969E4800E28EC5 /* ServiceMock.swift in Sources */,
				66101D3629951E25005C62F5 /* APIClient.swift in Sources */,
				66101D3329951E25005C62F5 /* CoinGeckoService.swift in Sources */,
				66101D43299525A9005C62F5 /* PriceChartView.swift in Sources */,
				668AF6DC2997A52B003B0B27 /* Format.swift in Sources */,
				66101D4B29954880005C62F5 /* HistoricalMarketPrice.swift in Sources */,
				66101D45299525C0005C62F5 /* MarketListViewModel.swift in Sources */,
				6680576F299BA554006AB7AE /* TimeRangePicker.swift in Sources */,
				66101D4929954850005C62F5 /* Coins.swift in Sources */,
				66101D4129952595005C62F5 /* PriceChartModel.swift in Sources */,
				66101D3429951E25005C62F5 /* CoinGeckoEndpoint.swift in Sources */,
			);
			runOnlyForDeploymentPostprocessing = 0;
		};
		66101CFD29950B9A005C62F5 /* Sources */ = {
			isa = PBXSourcesBuildPhase;
			buildActionMask = 2147483647;
			files = (
				66101D0629950B9A005C62F5 /* FlowwSwiftTests.swift in Sources */,
			);
			runOnlyForDeploymentPostprocessing = 0;
		};
		66101D0729950B9A005C62F5 /* Sources */ = {
			isa = PBXSourcesBuildPhase;
			buildActionMask = 2147483647;
			files = (
				66101D1229950B9A005C62F5 /* FlowwSwiftUITestsLaunchTests.swift in Sources */,
				66101D1029950B9A005C62F5 /* FlowwSwiftUITests.swift in Sources */,
			);
			runOnlyForDeploymentPostprocessing = 0;
		};
/* End PBXSourcesBuildPhase section */

/* Begin PBXTargetDependency section */
		66101D0329950B9A005C62F5 /* PBXTargetDependency */ = {
			isa = PBXTargetDependency;
			target = 66101CF029950B99005C62F5 /* FlowwSwift */;
			targetProxy = 66101D0229950B9A005C62F5 /* PBXContainerItemProxy */;
		};
		66101D0D29950B9A005C62F5 /* PBXTargetDependency */ = {
			isa = PBXTargetDependency;
			target = 66101CF029950B99005C62F5 /* FlowwSwift */;
			targetProxy = 66101D0C29950B9A005C62F5 /* PBXContainerItemProxy */;
		};
/* End PBXTargetDependency section */

/* Begin XCBuildConfiguration section */
		66101D1329950B9A005C62F5 /* Debug */ = {
			isa = XCBuildConfiguration;
			buildSettings = {
				ALWAYS_SEARCH_USER_PATHS = NO;
				CLANG_ANALYZER_NONNULL = YES;
				CLANG_ANALYZER_NUMBER_OBJECT_CONVERSION = YES_AGGRESSIVE;
				CLANG_CXX_LANGUAGE_STANDARD = "gnu++20";
				CLANG_ENABLE_MODULES = YES;
				CLANG_ENABLE_OBJC_ARC = YES;
				CLANG_ENABLE_OBJC_WEAK = YES;
				CLANG_WARN_BLOCK_CAPTURE_AUTORELEASING = YES;
				CLANG_WARN_BOOL_CONVERSION = YES;
				CLANG_WARN_COMMA = YES;
				CLANG_WARN_CONSTANT_CONVERSION = YES;
				CLANG_WARN_DEPRECATED_OBJC_IMPLEMENTATIONS = YES;
				CLANG_WARN_DIRECT_OBJC_ISA_USAGE = YES_ERROR;
				CLANG_WARN_DOCUMENTATION_COMMENTS = YES;
				CLANG_WARN_EMPTY_BODY = YES;
				CLANG_WARN_ENUM_CONVERSION = YES;
				CLANG_WARN_INFINITE_RECURSION = YES;
				CLANG_WARN_INT_CONVERSION = YES;
				CLANG_WARN_NON_LITERAL_NULL_CONVERSION = YES;
				CLANG_WARN_OBJC_IMPLICIT_RETAIN_SELF = YES;
				CLANG_WARN_OBJC_LITERAL_CONVERSION = YES;
				CLANG_WARN_OBJC_ROOT_CLASS = YES_ERROR;
				CLANG_WARN_QUOTED_INCLUDE_IN_FRAMEWORK_HEADER = YES;
				CLANG_WARN_RANGE_LOOP_ANALYSIS = YES;
				CLANG_WARN_STRICT_PROTOTYPES = YES;
				CLANG_WARN_SUSPICIOUS_MOVE = YES;
				CLANG_WARN_UNGUARDED_AVAILABILITY = YES_AGGRESSIVE;
				CLANG_WARN_UNREACHABLE_CODE = YES;
				CLANG_WARN__DUPLICATE_METHOD_MATCH = YES;
				COPY_PHASE_STRIP = NO;
				DEBUG_INFORMATION_FORMAT = dwarf;
				ENABLE_STRICT_OBJC_MSGSEND = YES;
				ENABLE_TESTABILITY = YES;
				GCC_C_LANGUAGE_STANDARD = gnu11;
				GCC_DYNAMIC_NO_PIC = NO;
				GCC_NO_COMMON_BLOCKS = YES;
				GCC_OPTIMIZATION_LEVEL = 0;
				GCC_PREPROCESSOR_DEFINITIONS = (
					"DEBUG=1",
					"$(inherited)",
				);
				GCC_WARN_64_TO_32_BIT_CONVERSION = YES;
				GCC_WARN_ABOUT_RETURN_TYPE = YES_ERROR;
				GCC_WARN_UNDECLARED_SELECTOR = YES;
				GCC_WARN_UNINITIALIZED_AUTOS = YES_AGGRESSIVE;
				GCC_WARN_UNUSED_FUNCTION = YES;
				GCC_WARN_UNUSED_VARIABLE = YES;
				IPHONEOS_DEPLOYMENT_TARGET = 16.2;
				MTL_ENABLE_DEBUG_INFO = INCLUDE_SOURCE;
				MTL_FAST_MATH = YES;
				ONLY_ACTIVE_ARCH = YES;
				SDKROOT = iphoneos;
				SWIFT_ACTIVE_COMPILATION_CONDITIONS = DEBUG;
				SWIFT_OPTIMIZATION_LEVEL = "-Onone";
			};
			name = Debug;
		};
		66101D1429950B9A005C62F5 /* Release */ = {
			isa = XCBuildConfiguration;
			buildSettings = {
				ALWAYS_SEARCH_USER_PATHS = NO;
				CLANG_ANALYZER_NONNULL = YES;
				CLANG_ANALYZER_NUMBER_OBJECT_CONVERSION = YES_AGGRESSIVE;
				CLANG_CXX_LANGUAGE_STANDARD = "gnu++20";
				CLANG_ENABLE_MODULES = YES;
				CLANG_ENABLE_OBJC_ARC = YES;
				CLANG_ENABLE_OBJC_WEAK = YES;
				CLANG_WARN_BLOCK_CAPTURE_AUTORELEASING = YES;
				CLANG_WARN_BOOL_CONVERSION = YES;
				CLANG_WARN_COMMA = YES;
				CLANG_WARN_CONSTANT_CONVERSION = YES;
				CLANG_WARN_DEPRECATED_OBJC_IMPLEMENTATIONS = YES;
				CLANG_WARN_DIRECT_OBJC_ISA_USAGE = YES_ERROR;
				CLANG_WARN_DOCUMENTATION_COMMENTS = YES;
				CLANG_WARN_EMPTY_BODY = YES;
				CLANG_WARN_ENUM_CONVERSION = YES;
				CLANG_WARN_INFINITE_RECURSION = YES;
				CLANG_WARN_INT_CONVERSION = YES;
				CLANG_WARN_NON_LITERAL_NULL_CONVERSION = YES;
				CLANG_WARN_OBJC_IMPLICIT_RETAIN_SELF = YES;
				CLANG_WARN_OBJC_LITERAL_CONVERSION = YES;
				CLANG_WARN_OBJC_ROOT_CLASS = YES_ERROR;
				CLANG_WARN_QUOTED_INCLUDE_IN_FRAMEWORK_HEADER = YES;
				CLANG_WARN_RANGE_LOOP_ANALYSIS = YES;
				CLANG_WARN_STRICT_PROTOTYPES = YES;
				CLANG_WARN_SUSPICIOUS_MOVE = YES;
				CLANG_WARN_UNGUARDED_AVAILABILITY = YES_AGGRESSIVE;
				CLANG_WARN_UNREACHABLE_CODE = YES;
				CLANG_WARN__DUPLICATE_METHOD_MATCH = YES;
				COPY_PHASE_STRIP = NO;
				DEBUG_INFORMATION_FORMAT = "dwarf-with-dsym";
				ENABLE_NS_ASSERTIONS = NO;
				ENABLE_STRICT_OBJC_MSGSEND = YES;
				GCC_C_LANGUAGE_STANDARD = gnu11;
				GCC_NO_COMMON_BLOCKS = YES;
				GCC_WARN_64_TO_32_BIT_CONVERSION = YES;
				GCC_WARN_ABOUT_RETURN_TYPE = YES_ERROR;
				GCC_WARN_UNDECLARED_SELECTOR = YES;
				GCC_WARN_UNINITIALIZED_AUTOS = YES_AGGRESSIVE;
				GCC_WARN_UNUSED_FUNCTION = YES;
				GCC_WARN_UNUSED_VARIABLE = YES;
				IPHONEOS_DEPLOYMENT_TARGET = 16.2;
				MTL_ENABLE_DEBUG_INFO = NO;
				MTL_FAST_MATH = YES;
				SDKROOT = iphoneos;
				SWIFT_COMPILATION_MODE = wholemodule;
				SWIFT_OPTIMIZATION_LEVEL = "-O";
				VALIDATE_PRODUCT = YES;
			};
			name = Release;
		};
		66101D1629950B9A005C62F5 /* Debug */ = {
			isa = XCBuildConfiguration;
			buildSettings = {
				ASSETCATALOG_COMPILER_APPICON_NAME = AppIcon;
				ASSETCATALOG_COMPILER_GLOBAL_ACCENT_COLOR_NAME = AccentColor;
				CODE_SIGN_STYLE = Automatic;
				CURRENT_PROJECT_VERSION = 1;
				DEVELOPMENT_ASSET_PATHS = "\"FlowwSwift/Preview Content\"";
				ENABLE_PREVIEWS = YES;
				GENERATE_INFOPLIST_FILE = YES;
				INFOPLIST_KEY_UIApplicationSceneManifest_Generation = YES;
				INFOPLIST_KEY_UIApplicationSupportsIndirectInputEvents = YES;
				INFOPLIST_KEY_UILaunchScreen_Generation = YES;
				INFOPLIST_KEY_UISupportedInterfaceOrientations_iPad = "UIInterfaceOrientationPortrait UIInterfaceOrientationPortraitUpsideDown UIInterfaceOrientationLandscapeLeft UIInterfaceOrientationLandscapeRight";
				INFOPLIST_KEY_UISupportedInterfaceOrientations_iPhone = "UIInterfaceOrientationPortrait UIInterfaceOrientationLandscapeLeft UIInterfaceOrientationLandscapeRight";
				LD_RUNPATH_SEARCH_PATHS = (
					"$(inherited)",
					"@executable_path/Frameworks",
				);
				MARKETING_VERSION = 1.0;
				PRODUCT_BUNDLE_IDENTIFIER = com.simpleSwift.FlowwSwift;
				PRODUCT_NAME = "$(TARGET_NAME)";
				SWIFT_EMIT_LOC_STRINGS = YES;
				SWIFT_VERSION = 5.0;
				TARGETED_DEVICE_FAMILY = "1,2";
			};
			name = Debug;
		};
		66101D1729950B9A005C62F5 /* Release */ = {
			isa = XCBuildConfiguration;
			buildSettings = {
				ASSETCATALOG_COMPILER_APPICON_NAME = AppIcon;
				ASSETCATALOG_COMPILER_GLOBAL_ACCENT_COLOR_NAME = AccentColor;
				CODE_SIGN_STYLE = Automatic;
				CURRENT_PROJECT_VERSION = 1;
				DEVELOPMENT_ASSET_PATHS = "\"FlowwSwift/Preview Content\"";
				ENABLE_PREVIEWS = YES;
				GENERATE_INFOPLIST_FILE = YES;
				INFOPLIST_KEY_UIApplicationSceneManifest_Generation = YES;
				INFOPLIST_KEY_UIApplicationSupportsIndirectInputEvents = YES;
				INFOPLIST_KEY_UILaunchScreen_Generation = YES;
				INFOPLIST_KEY_UISupportedInterfaceOrientations_iPad = "UIInterfaceOrientationPortrait UIInterfaceOrientationPortraitUpsideDown UIInterfaceOrientationLandscapeLeft UIInterfaceOrientationLandscapeRight";
				INFOPLIST_KEY_UISupportedInterfaceOrientations_iPhone = "UIInterfaceOrientationPortrait UIInterfaceOrientationLandscapeLeft UIInterfaceOrientationLandscapeRight";
				LD_RUNPATH_SEARCH_PATHS = (
					"$(inherited)",
					"@executable_path/Frameworks",
				);
				MARKETING_VERSION = 1.0;
				PRODUCT_BUNDLE_IDENTIFIER = com.simpleSwift.FlowwSwift;
				PRODUCT_NAME = "$(TARGET_NAME)";
				SWIFT_EMIT_LOC_STRINGS = YES;
				SWIFT_VERSION = 5.0;
				TARGETED_DEVICE_FAMILY = "1,2";
			};
			name = Release;
		};
		66101D1929950B9A005C62F5 /* Debug */ = {
			isa = XCBuildConfiguration;
			buildSettings = {
				ALWAYS_EMBED_SWIFT_STANDARD_LIBRARIES = YES;
				BUNDLE_LOADER = "$(TEST_HOST)";
				CODE_SIGN_STYLE = Automatic;
				CURRENT_PROJECT_VERSION = 1;
				GENERATE_INFOPLIST_FILE = YES;
				IPHONEOS_DEPLOYMENT_TARGET = 16.2;
				MARKETING_VERSION = 1.0;
				PRODUCT_BUNDLE_IDENTIFIER = com.simpleSwift.FlowwSwiftTests;
				PRODUCT_NAME = "$(TARGET_NAME)";
				SWIFT_EMIT_LOC_STRINGS = NO;
				SWIFT_VERSION = 5.0;
				TARGETED_DEVICE_FAMILY = "1,2";
				TEST_HOST = "$(BUILT_PRODUCTS_DIR)/FlowwSwift.app/$(BUNDLE_EXECUTABLE_FOLDER_PATH)/FlowwSwift";
			};
			name = Debug;
		};
		66101D1A29950B9A005C62F5 /* Release */ = {
			isa = XCBuildConfiguration;
			buildSettings = {
				ALWAYS_EMBED_SWIFT_STANDARD_LIBRARIES = YES;
				BUNDLE_LOADER = "$(TEST_HOST)";
				CODE_SIGN_STYLE = Automatic;
				CURRENT_PROJECT_VERSION = 1;
				GENERATE_INFOPLIST_FILE = YES;
				IPHONEOS_DEPLOYMENT_TARGET = 16.2;
				MARKETING_VERSION = 1.0;
				PRODUCT_BUNDLE_IDENTIFIER = com.simpleSwift.FlowwSwiftTests;
				PRODUCT_NAME = "$(TARGET_NAME)";
				SWIFT_EMIT_LOC_STRINGS = NO;
				SWIFT_VERSION = 5.0;
				TARGETED_DEVICE_FAMILY = "1,2";
				TEST_HOST = "$(BUILT_PRODUCTS_DIR)/FlowwSwift.app/$(BUNDLE_EXECUTABLE_FOLDER_PATH)/FlowwSwift";
			};
			name = Release;
		};
		66101D1C29950B9A005C62F5 /* Debug */ = {
			isa = XCBuildConfiguration;
			buildSettings = {
				ALWAYS_EMBED_SWIFT_STANDARD_LIBRARIES = YES;
				CODE_SIGN_STYLE = Automatic;
				CURRENT_PROJECT_VERSION = 1;
				GENERATE_INFOPLIST_FILE = YES;
				MARKETING_VERSION = 1.0;
				PRODUCT_BUNDLE_IDENTIFIER = com.simpleSwift.FlowwSwiftUITests;
				PRODUCT_NAME = "$(TARGET_NAME)";
				SWIFT_EMIT_LOC_STRINGS = NO;
				SWIFT_VERSION = 5.0;
				TARGETED_DEVICE_FAMILY = "1,2";
				TEST_TARGET_NAME = FlowwSwift;
			};
			name = Debug;
		};
		66101D1D29950B9A005C62F5 /* Release */ = {
			isa = XCBuildConfiguration;
			buildSettings = {
				ALWAYS_EMBED_SWIFT_STANDARD_LIBRARIES = YES;
				CODE_SIGN_STYLE = Automatic;
				CURRENT_PROJECT_VERSION = 1;
				GENERATE_INFOPLIST_FILE = YES;
				MARKETING_VERSION = 1.0;
				PRODUCT_BUNDLE_IDENTIFIER = com.simpleSwift.FlowwSwiftUITests;
				PRODUCT_NAME = "$(TARGET_NAME)";
				SWIFT_EMIT_LOC_STRINGS = NO;
				SWIFT_VERSION = 5.0;
				TARGETED_DEVICE_FAMILY = "1,2";
				TEST_TARGET_NAME = FlowwSwift;
			};
			name = Release;
		};
/* End XCBuildConfiguration section */

/* Begin XCConfigurationList section */
		66101CEC29950B99005C62F5 /* Build configuration list for PBXProject "FlowwSwift" */ = {
			isa = XCConfigurationList;
			buildConfigurations = (
				66101D1329950B9A005C62F5 /* Debug */,
				66101D1429950B9A005C62F5 /* Release */,
			);
			defaultConfigurationIsVisible = 0;
			defaultConfigurationName = Release;
		};
		66101D1529950B9A005C62F5 /* Build configuration list for PBXNativeTarget "FlowwSwift" */ = {
			isa = XCConfigurationList;
			buildConfigurations = (
				66101D1629950B9A005C62F5 /* Debug */,
				66101D1729950B9A005C62F5 /* Release */,
			);
			defaultConfigurationIsVisible = 0;
			defaultConfigurationName = Release;
		};
		66101D1829950B9A005C62F5 /* Build configuration list for PBXNativeTarget "FlowwSwiftTests" */ = {
			isa = XCConfigurationList;
			buildConfigurations = (
				66101D1929950B9A005C62F5 /* Debug */,
				66101D1A29950B9A005C62F5 /* Release */,
			);
			defaultConfigurationIsVisible = 0;
			defaultConfigurationName = Release;
		};
		66101D1B29950B9A005C62F5 /* Build configuration list for PBXNativeTarget "FlowwSwiftUITests" */ = {
			isa = XCConfigurationList;
			buildConfigurations = (
				66101D1C29950B9A005C62F5 /* Debug */,
				66101D1D29950B9A005C62F5 /* Release */,
			);
			defaultConfigurationIsVisible = 0;
			defaultConfigurationName = Release;
		};
/* End XCConfigurationList section */
	};
	rootObject = 66101CE929950B99005C62F5 /* Project object */;
}
